
Microsoft Visual Studio Solution File, Format Version 12.00
# Visual Studio 15
VisualStudioVersion = 15.0.28010.2050
MinimumVisualStudioVersion = 10.0.40219.1
Project("{FAE04EC0-301F-11D3-BF4B-00C04F79EFBC}") = "projekt", "projekt\projekt.csproj", "{41DE4D5E-1739-407E-B90B-87A5D65AD74D}"
EndProject
Global
	GlobalSection(SolutionConfigurationPlatforms) = preSolution
		Debug|Any CPU = Debug|Any CPU
		Release|Any CPU = Release|Any CPU
	EndGlobalSection
	GlobalSection(ProjectConfigurationPlatforms) = postSolution
		{41DE4D5E-1739-407E-B90B-87A5D65AD74D}.Debug|Any CPU.ActiveCfg = Debug|Any CPU
		{41DE4D5E-1739-407E-B90B-87A5D65AD74D}.Debug|Any CPU.Build.0 = Debug|Any CPU
		{41DE4D5E-1739-407E-B90B-87A5D65AD74D}.Release|Any CPU.ActiveCfg = Release|Any CPU
		{41DE4D5E-1739-407E-B90B-87A5D65AD74D}.Release|Any CPU.Build.0 = Release|Any CPU
	EndGlobalSection
	GlobalSection(SolutionProperties) = preSolution
		HideSolutionNode = FALSE
	EndGlobalSection
	GlobalSection(ExtensibilityGlobals) = postSolution
		SolutionGuid = {9B734409-3360-487D-8EC4-1856502405B6}
	EndGlobalSection
EndGlobal
